
Microsoft Visual Studio Solution File, Format Version 12.00
# Visual Studio Version 17
VisualStudioVersion = 17.13.35825.156 d17.13
MinimumVisualStudioVersion = 10.0.40219.1
Project("{FAE04EC0-301F-11D3-BF4B-00C04F79EFBC}") = "Windows Maintenance", "Windows Maintenance.csproj", "{E189770A-7ECF-41C5-B50B-D2752D702152}"
EndProject
Global
	GlobalSection(SolutionConfigurationPlatforms) = preSolution
		Debug|Any CPU = Debug|Any CPU
		Debug|x64 = Debug|x64
		Release|Any CPU = Release|Any CPU
		Release|x64 = Release|x64
	EndGlobalSection
	GlobalSection(ProjectConfigurationPlatforms) = postSolution
		{E189770A-7ECF-41C5-B50B-D2752D702152}.Debug|Any CPU.ActiveCfg = Debug|Any CPU
		{E189770A-7ECF-41C5-B50B-D2752D702152}.Debug|Any CPU.Build.0 = Debug|Any CPU
		{E189770A-7ECF-41C5-B50B-D2752D702152}.Debug|x64.ActiveCfg = Debug|x64
		{E189770A-7ECF-41C5-B50B-D2752D702152}.Debug|x64.Build.0 = Debug|x64
		{E189770A-7ECF-41C5-B50B-D2752D702152}.Release|Any CPU.ActiveCfg = Release|Any CPU
		{E189770A-7ECF-41C5-B50B-D2752D702152}.Release|Any CPU.Build.0 = Release|Any CPU
		{E189770A-7ECF-41C5-B50B-D2752D702152}.Release|x64.ActiveCfg = Release|x64
		{E189770A-7ECF-41C5-B50B-D2752D702152}.Release|x64.Build.0 = Release|x64
	EndGlobalSection
	GlobalSection(SolutionProperties) = preSolution
		HideSolutionNode = FALSE
	EndGlobalSection
	GlobalSection(ExtensibilityGlobals) = postSolution
		SolutionGuid = {BE70470E-EE5D-465F-987B-28FD944A0C79}
	EndGlobalSection
EndGlobal
